
Microsoft Visual Studio Solution File, Format Version 12.00
# Visual Studio Version 17
VisualStudioVersion = 17.0.31903.59
MinimumVisualStudioVersion = 10.0.40219.1
Project("{2150E333-8FDC-42A3-9474-1A3956D46DE8}") = "src", "src", "{2BBACDE2-6102-4428-AA1E-63626E3B0090}"
EndProject
Project("{9A19103F-16F7-4668-BE54-9A1E7A4F7556}") = "API", "src\API\API.csproj", "{ECD3E215-C3E8-473E-A41D-A1ED6F4C8CF5}"
EndProject
Project("{9A19103F-16F7-4668-BE54-9A1E7A4F7556}") = "Application", "src\Application\Application.csproj", "{2DCB0CE2-B4A3-406D-8033-9E025A642E8C}"
EndProject
Project("{9A19103F-16F7-4668-BE54-9A1E7A4F7556}") = "Domain", "src\Domain\Domain.csproj", "{2C9433D2-ED0B-4526-8499-7AE990E7B277}"
EndProject
Project("{9A19103F-16F7-4668-BE54-9A1E7A4F7556}") = "Infrastructure", "src\Infrastructure\Infrastructure.csproj", "{E7C629D9-5070-4FCB-BD98-19BE7341B6D7}"
EndProject
Global
	GlobalSection(SolutionConfigurationPlatforms) = preSolution
		Debug|Any CPU = Debug|Any CPU
		Release|Any CPU = Release|Any CPU
	EndGlobalSection
	GlobalSection(ProjectConfigurationPlatforms) = postSolution
		{ECD3E215-C3E8-473E-A41D-A1ED6F4C8CF5}.Debug|Any CPU.ActiveCfg = Debug|Any CPU
		{ECD3E215-C3E8-473E-A41D-A1ED6F4C8CF5}.Debug|Any CPU.Build.0 = Debug|Any CPU
		{ECD3E215-C3E8-473E-A41D-A1ED6F4C8CF5}.Release|Any CPU.ActiveCfg = Release|Any CPU
		{ECD3E215-C3E8-473E-A41D-A1ED6F4C8CF5}.Release|Any CPU.Build.0 = Release|Any CPU
		{2DCB0CE2-B4A3-406D-8033-9E025A642E8C}.Debug|Any CPU.ActiveCfg = Debug|Any CPU
		{2DCB0CE2-B4A3-406D-8033-9E025A642E8C}.Debug|Any CPU.Build.0 = Debug|Any CPU
		{2DCB0CE2-B4A3-406D-8033-9E025A642E8C}.Release|Any CPU.ActiveCfg = Release|Any CPU
		{2DCB0CE2-B4A3-406D-8033-9E025A642E8C}.Release|Any CPU.Build.0 = Release|Any CPU
		{2C9433D2-ED0B-4526-8499-7AE990E7B277}.Debug|Any CPU.ActiveCfg = Debug|Any CPU
		{2C9433D2-ED0B-4526-8499-7AE990E7B277}.Debug|Any CPU.Build.0 = Debug|Any CPU
		{2C9433D2-ED0B-4526-8499-7AE990E7B277}.Release|Any CPU.ActiveCfg = Release|Any CPU
		{2C9433D2-ED0B-4526-8499-7AE990E7B277}.Release|Any CPU.Build.0 = Release|Any CPU
		{E7C629D9-5070-4FCB-BD98-19BE7341B6D7}.Debug|Any CPU.ActiveCfg = Debug|Any CPU
		{E7C629D9-5070-4FCB-BD98-19BE7341B6D7}.Debug|Any CPU.Build.0 = Debug|Any CPU
		{E7C629D9-5070-4FCB-BD98-19BE7341B6D7}.Release|Any CPU.ActiveCfg = Release|Any CPU
		{E7C629D9-5070-4FCB-BD98-19BE7341B6D7}.Release|Any CPU.Build.0 = Release|Any CPU
	EndGlobalSection
	GlobalSection(SolutionProperties) = preSolution
		HideSolutionNode = FALSE
	EndGlobalSection
	GlobalSection(NestedProjects) = preSolution
		{ECD3E215-C3E8-473E-A41D-A1ED6F4C8CF5} = {2BBACDE2-6102-4428-AA1E-63626E3B0090}
		{2DCB0CE2-B4A3-406D-8033-9E025A642E8C} = {2BBACDE2-6102-4428-AA1E-63626E3B0090}
		{2C9433D2-ED0B-4526-8499-7AE990E7B277} = {2BBACDE2-6102-4428-AA1E-63626E3B0090}
		{E7C629D9-5070-4FCB-BD98-19BE7341B6D7} = {2BBACDE2-6102-4428-AA1E-63626E3B0090}
	EndGlobalSection
EndGlobal
